
Microsoft Visual Studio Solution File, Format Version 12.00
# Visual Studio Version 17
VisualStudioVersion = 17.14.36127.28 d17.14
MinimumVisualStudioVersion = 10.0.40219.1
Project("{FAE04EC0-301F-11D3-BF4B-00C04F79EFBC}") = "HireTech.API", "HireTech.API\HireTech.API.csproj", "{9F619D4F-6133-47F7-BC6B-C4469A6DD74F}"
EndProject
Project("{FAE04EC0-301F-11D3-BF4B-00C04F79EFBC}") = "HireTech.Core", "HireTech.Core\HireTech.Core.csproj", "{D8772025-FD20-4EE6-B3B2-071ECC383A31}"
EndProject
Project("{FAE04EC0-301F-11D3-BF4B-00C04F79EFBC}") = "HireTech.Repository", "HireTech.Repository\HireTech.Repository.csproj", "{AEF9BEE8-4B60-4978-AAD6-04114B014407}"
EndProject
Global
	GlobalSection(SolutionConfigurationPlatforms) = preSolution
		Debug|Any CPU = Debug|Any CPU
		Release|Any CPU = Release|Any CPU
	EndGlobalSection
	GlobalSection(ProjectConfigurationPlatforms) = postSolution
		{9F619D4F-6133-47F7-BC6B-C4469A6DD74F}.Debug|Any CPU.ActiveCfg = Debug|Any CPU
		{9F619D4F-6133-47F7-BC6B-C4469A6DD74F}.Debug|Any CPU.Build.0 = Debug|Any CPU
		{9F619D4F-6133-47F7-BC6B-C4469A6DD74F}.Release|Any CPU.ActiveCfg = Release|Any CPU
		{9F619D4F-6133-47F7-BC6B-C4469A6DD74F}.Release|Any CPU.Build.0 = Release|Any CPU
		{D8772025-FD20-4EE6-B3B2-071ECC383A31}.Debug|Any CPU.ActiveCfg = Debug|Any CPU
		{D8772025-FD20-4EE6-B3B2-071ECC383A31}.Debug|Any CPU.Build.0 = Debug|Any CPU
		{D8772025-FD20-4EE6-B3B2-071ECC383A31}.Release|Any CPU.ActiveCfg = Release|Any CPU
		{D8772025-FD20-4EE6-B3B2-071ECC383A31}.Release|Any CPU.Build.0 = Release|Any CPU
		{AEF9BEE8-4B60-4978-AAD6-04114B014407}.Debug|Any CPU.ActiveCfg = Debug|Any CPU
		{AEF9BEE8-4B60-4978-AAD6-04114B014407}.Debug|Any CPU.Build.0 = Debug|Any CPU
		{AEF9BEE8-4B60-4978-AAD6-04114B014407}.Release|Any CPU.ActiveCfg = Release|Any CPU
		{AEF9BEE8-4B60-4978-AAD6-04114B014407}.Release|Any CPU.Build.0 = Release|Any CPU
	EndGlobalSection
	GlobalSection(SolutionProperties) = preSolution
		HideSolutionNode = FALSE
	EndGlobalSection
	GlobalSection(ExtensibilityGlobals) = postSolution
		SolutionGuid = {DD30754A-DC33-4C1F-9590-CA161900F92E}
	EndGlobalSection
EndGlobal
